
Microsoft Visual Studio Solution File, Format Version 12.00
# Visual Studio Version 16
VisualStudioVersion = 16.0.29123.88
MinimumVisualStudioVersion = 10.0.40219.1
Project("{FAE04EC0-301F-11D3-BF4B-00C04F79EFBC}") = "testing", "testing\testing.csproj", "{AE95B14B-9F4D-49CA-8482-2250086D2CBE}"
EndProject
Project("{8BC9CEB8-8B4A-11D0-8D11-00A0C91BC942}") = "daedalus-clr", "daedalus-clr\daedalus-clr.vcxproj", "{30DA40C9-3A0C-4F20-9DFD-04A424693D3A}"
EndProject
Global
	GlobalSection(SolutionConfigurationPlatforms) = preSolution
		Debug|Any CPU = Debug|Any CPU
		Debug|x64 = Debug|x64
		Debug|x86 = Debug|x86
		Release|Any CPU = Release|Any CPU
		Release|x64 = Release|x64
		Release|x86 = Release|x86
	EndGlobalSection
	GlobalSection(ProjectConfigurationPlatforms) = postSolution
		{AE95B14B-9F4D-49CA-8482-2250086D2CBE}.Debug|Any CPU.ActiveCfg = Debug|Any CPU
		{AE95B14B-9F4D-49CA-8482-2250086D2CBE}.Debug|Any CPU.Build.0 = Debug|Any CPU
		{AE95B14B-9F4D-49CA-8482-2250086D2CBE}.Debug|x64.ActiveCfg = Debug|x64
		{AE95B14B-9F4D-49CA-8482-2250086D2CBE}.Debug|x64.Build.0 = Debug|x64
		{AE95B14B-9F4D-49CA-8482-2250086D2CBE}.Debug|x86.ActiveCfg = Debug|Any CPU
		{AE95B14B-9F4D-49CA-8482-2250086D2CBE}.Debug|x86.Build.0 = Debug|Any CPU
		{AE95B14B-9F4D-49CA-8482-2250086D2CBE}.Release|Any CPU.ActiveCfg = Release|Any CPU
		{AE95B14B-9F4D-49CA-8482-2250086D2CBE}.Release|Any CPU.Build.0 = Release|Any CPU
		{AE95B14B-9F4D-49CA-8482-2250086D2CBE}.Release|x64.ActiveCfg = Release|x64
		{AE95B14B-9F4D-49CA-8482-2250086D2CBE}.Release|x64.Build.0 = Release|x64
		{AE95B14B-9F4D-49CA-8482-2250086D2CBE}.Release|x86.ActiveCfg = Release|Any CPU
		{AE95B14B-9F4D-49CA-8482-2250086D2CBE}.Release|x86.Build.0 = Release|Any CPU
		{30DA40C9-3A0C-4F20-9DFD-04A424693D3A}.Debug|Any CPU.ActiveCfg = Debug|Win32
		{30DA40C9-3A0C-4F20-9DFD-04A424693D3A}.Debug|x64.ActiveCfg = Debug|x64
		{30DA40C9-3A0C-4F20-9DFD-04A424693D3A}.Debug|x64.Build.0 = Debug|x64
		{30DA40C9-3A0C-4F20-9DFD-04A424693D3A}.Debug|x86.ActiveCfg = Debug|Win32
		{30DA40C9-3A0C-4F20-9DFD-04A424693D3A}.Debug|x86.Build.0 = Debug|Win32
		{30DA40C9-3A0C-4F20-9DFD-04A424693D3A}.Release|Any CPU.ActiveCfg = Release|Win32
		{30DA40C9-3A0C-4F20-9DFD-04A424693D3A}.Release|x64.ActiveCfg = Release|x64
		{30DA40C9-3A0C-4F20-9DFD-04A424693D3A}.Release|x64.Build.0 = Release|x64
		{30DA40C9-3A0C-4F20-9DFD-04A424693D3A}.Release|x86.ActiveCfg = Release|Win32
		{30DA40C9-3A0C-4F20-9DFD-04A424693D3A}.Release|x86.Build.0 = Release|Win32
	EndGlobalSection
	GlobalSection(SolutionProperties) = preSolution
		HideSolutionNode = FALSE
	EndGlobalSection
	GlobalSection(ExtensibilityGlobals) = postSolution
		SolutionGuid = {F1832CFE-4EC7-4E03-957D-0C45EC46A982}
	EndGlobalSection
EndGlobal
